
Microsoft Visual Studio Solution File, Format Version 12.00
# Visual Studio 15
Project("{FAE04EC0-301F-11D3-BF4B-00C04F79EFBC}") = "Assembly-CSharp", "Assembly-CSharp.csproj", "{935238DB-E871-2F4B-138B-5AC9B0328751}"
EndProject
Global
	GlobalSection(SolutionConfigurationPlatforms) = preSolution
		Debug|Any CPU = Debug|Any CPU
		Release|Any CPU = Release|Any CPU
	EndGlobalSection
	GlobalSection(ProjectConfigurationPlatforms) = postSolution
		{935238DB-E871-2F4B-138B-5AC9B0328751}.Debug|Any CPU.ActiveCfg = Debug|Any CPU
		{935238DB-E871-2F4B-138B-5AC9B0328751}.Debug|Any CPU.Build.0 = Debug|Any CPU
		{935238DB-E871-2F4B-138B-5AC9B0328751}.Release|Any CPU.ActiveCfg = Release|Any CPU
		{935238DB-E871-2F4B-138B-5AC9B0328751}.Release|Any CPU.Build.0 = Release|Any CPU
	EndGlobalSection
	GlobalSection(SolutionProperties) = preSolution
		HideSolutionNode = FALSE
	EndGlobalSection
EndGlobal
